
Microsoft Visual Studio Solution File, Format Version 12.00
# Visual Studio Version 17
VisualStudioVersion = 17.7.34031.279
MinimumVisualStudioVersion = 10.0.40219.1
Project("{9A19103F-16F7-4668-BE54-9A1E7A4F7556}") = "Week3IfandSwitch", "Week3IfandSwitch\Week3IfandSwitch.csproj", "{9D9D0D9C-D262-4B4C-8E01-7EDF45F6170F}"
EndProject
Project("{9A19103F-16F7-4668-BE54-9A1E7A4F7556}") = "OddOrEven", "OddOrEven\OddOrEven.csproj", "{52D9AF46-428A-4ABC-AA47-2C9EF8C2D29D}"
EndProject
Project("{9A19103F-16F7-4668-BE54-9A1E7A4F7556}") = "IfDayOfTheWeek", "IfDayOfTheWeek\IfDayOfTheWeek.csproj", "{3C0E149B-EA46-440F-AB09-7148224959E5}"
EndProject
Project("{FAE04EC0-301F-11D3-BF4B-00C04F79EFBC}") = "SwitchDayOfTheWeek", "SwitchDayOfTheWeek\SwitchDayOfTheWeek.csproj", "{41D2A1CE-9F91-4605-B42D-4CD5485BD51B}"
EndProject
Global
	GlobalSection(SolutionConfigurationPlatforms) = preSolution
		Debug|Any CPU = Debug|Any CPU
		Release|Any CPU = Release|Any CPU
	EndGlobalSection
	GlobalSection(ProjectConfigurationPlatforms) = postSolution
		{9D9D0D9C-D262-4B4C-8E01-7EDF45F6170F}.Debug|Any CPU.ActiveCfg = Debug|Any CPU
		{9D9D0D9C-D262-4B4C-8E01-7EDF45F6170F}.Debug|Any CPU.Build.0 = Debug|Any CPU
		{9D9D0D9C-D262-4B4C-8E01-7EDF45F6170F}.Release|Any CPU.ActiveCfg = Release|Any CPU
		{9D9D0D9C-D262-4B4C-8E01-7EDF45F6170F}.Release|Any CPU.Build.0 = Release|Any CPU
		{52D9AF46-428A-4ABC-AA47-2C9EF8C2D29D}.Debug|Any CPU.ActiveCfg = Debug|Any CPU
		{52D9AF46-428A-4ABC-AA47-2C9EF8C2D29D}.Debug|Any CPU.Build.0 = Debug|Any CPU
		{52D9AF46-428A-4ABC-AA47-2C9EF8C2D29D}.Release|Any CPU.ActiveCfg = Release|Any CPU
		{52D9AF46-428A-4ABC-AA47-2C9EF8C2D29D}.Release|Any CPU.Build.0 = Release|Any CPU
		{3C0E149B-EA46-440F-AB09-7148224959E5}.Debug|Any CPU.ActiveCfg = Debug|Any CPU
		{3C0E149B-EA46-440F-AB09-7148224959E5}.Debug|Any CPU.Build.0 = Debug|Any CPU
		{3C0E149B-EA46-440F-AB09-7148224959E5}.Release|Any CPU.ActiveCfg = Release|Any CPU
		{3C0E149B-EA46-440F-AB09-7148224959E5}.Release|Any CPU.Build.0 = Release|Any CPU
		{41D2A1CE-9F91-4605-B42D-4CD5485BD51B}.Debug|Any CPU.ActiveCfg = Debug|Any CPU
		{41D2A1CE-9F91-4605-B42D-4CD5485BD51B}.Debug|Any CPU.Build.0 = Debug|Any CPU
		{41D2A1CE-9F91-4605-B42D-4CD5485BD51B}.Release|Any CPU.ActiveCfg = Release|Any CPU
		{41D2A1CE-9F91-4605-B42D-4CD5485BD51B}.Release|Any CPU.Build.0 = Release|Any CPU
	EndGlobalSection
	GlobalSection(SolutionProperties) = preSolution
		HideSolutionNode = FALSE
	EndGlobalSection
	GlobalSection(ExtensibilityGlobals) = postSolution
		SolutionGuid = {50D858B3-1AC4-415B-A787-117BB2810074}
	EndGlobalSection
EndGlobal
